# Example strata.lock file
# This is GENERATED by the package manager, not manually edited
# It ensures reproducible builds by locking exact versions and hashes

[metadata]
# Compiler version that generated this lock
strata = "1.0.0"

# Timestamp of lock generation
generated = "2024-01-15T10:30:00Z"

# Root package hash
root_hash = "sha256:abc123def456..."

# Resolved packages and their exact versions
[[packages]]
name = "string-utils"
requested = "1.0.0"
resolved = "1.0.0"
source = "local"
path = "../packageexample"
hash = "sha256:abc123def456789abcdef..."
files = ["src/string.str"]

# Example of registry-sourced package
[[packages]]
name = "http"
requested = ">=1.2.0,<2.0.0"
resolved = "1.2.3"
source = "registry"
url = "https://registry.strata-lang.org/packages/http/1.2.3"
hash = "sha256:fedcba987654321fedcba..."
files = ["src/client.str", "src/server.str"]

# Example of git-sourced package
[[packages]]
name = "crypto"
requested = "git+https://github.com/org/crypto#v2.0.0"
resolved = "2.0.0"
source = "git"
git_url = "https://github.com/org/crypto"
git_ref = "refs/tags/v2.0.0"
git_commit = "abc123def456789..."
hash = "sha256:9876543210fedcba9876..."
files = ["src/aes.str", "src/sha.str"]
